// !$*UTF8*$!
{
	archiveVersion = 1;
	classes = {
	};
	objectVersion = 50;
	objects = {

/* Begin PBXBuildFile section */
		D048110CBA448EB09557A3B0 /* Pods_NewZ.framework in Frameworks */ = {isa = PBXBuildFile; fileRef = F2B34086CA395752C7747750 /* Pods_NewZ.framework */; };
		FA9E4151228A0056007DAB7C /* AppDelegate.swift in Sources */ = {isa = PBXBuildFile; fileRef = FA9E4150228A0056007DAB7C /* AppDelegate.swift */; };
		FA9E4153228A0056007DAB7C /* ListViewController.swift in Sources */ = {isa = PBXBuildFile; fileRef = FA9E4152228A0056007DAB7C /* ListViewController.swift */; };
		FA9E4159228A0056007DAB7C /* NewZ.xcdatamodeld in Sources */ = {isa = PBXBuildFile; fileRef = FA9E4157228A0056007DAB7C /* NewZ.xcdatamodeld */; };
		FA9E415B228A0058007DAB7C /* Assets.xcassets in Resources */ = {isa = PBXBuildFile; fileRef = FA9E415A228A0058007DAB7C /* Assets.xcassets */; };
		FA9E415E228A0058007DAB7C /* LaunchScreen.storyboard in Resources */ = {isa = PBXBuildFile; fileRef = FA9E415C228A0058007DAB7C /* LaunchScreen.storyboard */; };
		FA9E4169228A1009007DAB7C /* NewsService.swift in Sources */ = {isa = PBXBuildFile; fileRef = FA9E4168228A1009007DAB7C /* NewsService.swift */; };
		FA9E416C228B52AF007DAB7C /* Program+CoreDataClass.swift in Sources */ = {isa = PBXBuildFile; fileRef = FA9E416A228B52AF007DAB7C /* Program+CoreDataClass.swift */; };
		FA9E416F228B5BD6007DAB7C /* Model.swift in Sources */ = {isa = PBXBuildFile; fileRef = FA9E416E228B5BD6007DAB7C /* Model.swift */; };
		FA9E4172228C8681007DAB7C /* ProgramCell.swift in Sources */ = {isa = PBXBuildFile; fileRef = FA9E4171228C8681007DAB7C /* ProgramCell.swift */; };
		FA9E4174228C8F15007DAB7C /* DetailViewController.swift in Sources */ = {isa = PBXBuildFile; fileRef = FA9E4173228C8F15007DAB7C /* DetailViewController.swift */; };
		FA9E4177228C9939007DAB7C /* NSLayoutConstraint+WithPriority.swift in Sources */ = {isa = PBXBuildFile; fileRef = FA9E4176228C9939007DAB7C /* NSLayoutConstraint+WithPriority.swift */; };
/* End PBXBuildFile section */

/* Begin PBXFileReference section */
		2F604B6F0E91CE726BC5F152 /* Pods-NewZ.release.xcconfig */ = {isa = PBXFileReference; includeInIndex = 1; lastKnownFileType = text.xcconfig; name = "Pods-NewZ.release.xcconfig"; path = "Pods/Target Support Files/Pods-NewZ/Pods-NewZ.release.xcconfig"; sourceTree = "<group>"; };
		EFA90BE263B31C056F842EA7 /* Pods-NewZ.debug.xcconfig */ = {isa = PBXFileReference; includeInIndex = 1; lastKnownFileType = text.xcconfig; name = "Pods-NewZ.debug.xcconfig"; path = "Pods/Target Support Files/Pods-NewZ/Pods-NewZ.debug.xcconfig"; sourceTree = "<group>"; };
		F2B34086CA395752C7747750 /* Pods_NewZ.framework */ = {isa = PBXFileReference; explicitFileType = wrapper.framework; includeInIndex = 0; path = Pods_NewZ.framework; sourceTree = BUILT_PRODUCTS_DIR; };
		FA9E414D228A0056007DAB7C /* NewZ.app */ = {isa = PBXFileReference; explicitFileType = wrapper.application; includeInIndex = 0; path = NewZ.app; sourceTree = BUILT_PRODUCTS_DIR; };
		FA9E4150228A0056007DAB7C /* AppDelegate.swift */ = {isa = PBXFileReference; lastKnownFileType = sourcecode.swift; path = AppDelegate.swift; sourceTree = "<group>"; };
		FA9E4152228A0056007DAB7C /* ListViewController.swift */ = {isa = PBXFileReference; lastKnownFileType = sourcecode.swift; path = ListViewController.swift; sourceTree = "<group>"; };
		FA9E4158228A0056007DAB7C /* NewZ.xcdatamodel */ = {isa = PBXFileReference; lastKnownFileType = wrapper.xcdatamodel; path = NewZ.xcdatamodel; sourceTree = "<group>"; };
		FA9E415A228A0058007DAB7C /* Assets.xcassets */ = {isa = PBXFileReference; lastKnownFileType = folder.assetcatalog; path = Assets.xcassets; sourceTree = "<group>"; };
		FA9E415D228A0058007DAB7C /* Base */ = {isa = PBXFileReference; lastKnownFileType = file.storyboard; name = Base; path = Base.lproj/LaunchScreen.storyboard; sourceTree = "<group>"; };
		FA9E415F228A0058007DAB7C /* Info.plist */ = {isa = PBXFileReference; lastKnownFileType = text.plist.xml; path = Info.plist; sourceTree = "<group>"; };
		FA9E4168228A1009007DAB7C /* NewsService.swift */ = {isa = PBXFileReference; lastKnownFileType = sourcecode.swift; path = NewsService.swift; sourceTree = "<group>"; };
		FA9E416A228B52AF007DAB7C /* Program+CoreDataClass.swift */ = {isa = PBXFileReference; lastKnownFileType = sourcecode.swift; path = "Program+CoreDataClass.swift"; sourceTree = "<group>"; };
		FA9E416E228B5BD6007DAB7C /* Model.swift */ = {isa = PBXFileReference; lastKnownFileType = sourcecode.swift; path = Model.swift; sourceTree = "<group>"; };
		FA9E4171228C8681007DAB7C /* ProgramCell.swift */ = {isa = PBXFileReference; lastKnownFileType = sourcecode.swift; path = ProgramCell.swift; sourceTree = "<group>"; };
		FA9E4173228C8F15007DAB7C /* DetailViewController.swift */ = {isa = PBXFileReference; lastKnownFileType = sourcecode.swift; path = DetailViewController.swift; sourceTree = "<group>"; };
		FA9E4176228C9939007DAB7C /* NSLayoutConstraint+WithPriority.swift */ = {isa = PBXFileReference; lastKnownFileType = sourcecode.swift; path = "NSLayoutConstraint+WithPriority.swift"; sourceTree = "<group>"; };
/* End PBXFileReference section */

/* Begin PBXFrameworksBuildPhase section */
		FA9E414A228A0056007DAB7C /* Frameworks */ = {
			isa = PBXFrameworksBuildPhase;
			buildActionMask = 2147483647;
			files = (
				D048110CBA448EB09557A3B0 /* Pods_NewZ.framework in Frameworks */,
			);
			runOnlyForDeploymentPostprocessing = 0;
		};
/* End PBXFrameworksBuildPhase section */

/* Begin PBXGroup section */
		1F9A2CC416F6E9F334BD1257 /* Frameworks */ = {
			isa = PBXGroup;
			children = (
				F2B34086CA395752C7747750 /* Pods_NewZ.framework */,
			);
			name = Frameworks;
			sourceTree = "<group>";
		};
		4D74E825CAD36CBE1A9DC84A /* Pods */ = {
			isa = PBXGroup;
			children = (
				EFA90BE263B31C056F842EA7 /* Pods-NewZ.debug.xcconfig */,
				2F604B6F0E91CE726BC5F152 /* Pods-NewZ.release.xcconfig */,
			);
			name = Pods;
			sourceTree = "<group>";
		};
		FA9E4144228A0056007DAB7C = {
			isa = PBXGroup;
			children = (
				FA9E414F228A0056007DAB7C /* NewZ */,
				FA9E414E228A0056007DAB7C /* Products */,
				4D74E825CAD36CBE1A9DC84A /* Pods */,
				1F9A2CC416F6E9F334BD1257 /* Frameworks */,
			);
			sourceTree = "<group>";
		};
		FA9E414E228A0056007DAB7C /* Products */ = {
			isa = PBXGroup;
			children = (
				FA9E414D228A0056007DAB7C /* NewZ.app */,
			);
			name = Products;
			sourceTree = "<group>";
		};
		FA9E414F228A0056007DAB7C /* NewZ */ = {
			isa = PBXGroup;
			children = (
				FA9E4175228C9901007DAB7C /* Extensions */,
				FA9E4170228C866D007DAB7C /* Cells */,
				FA9E4165228A02ED007DAB7C /* Navigation */,
				FA9E4166228A0D1C007DAB7C /* NewsService */,
				FA9E4167228A0D37007DAB7C /* Model */,
				FA9E4150228A0056007DAB7C /* AppDelegate.swift */,
				FA9E415A228A0058007DAB7C /* Assets.xcassets */,
				FA9E415C228A0058007DAB7C /* LaunchScreen.storyboard */,
				FA9E415F228A0058007DAB7C /* Info.plist */,
			);
			path = NewZ;
			sourceTree = "<group>";
		};
		FA9E4165228A02ED007DAB7C /* Navigation */ = {
			isa = PBXGroup;
			children = (
				FA9E4152228A0056007DAB7C /* ListViewController.swift */,
				FA9E4173228C8F15007DAB7C /* DetailViewController.swift */,
			);
			path = Navigation;
			sourceTree = "<group>";
		};
		FA9E4166228A0D1C007DAB7C /* NewsService */ = {
			isa = PBXGroup;
			children = (
				FA9E4168228A1009007DAB7C /* NewsService.swift */,
			);
			path = NewsService;
			sourceTree = "<group>";
		};
		FA9E4167228A0D37007DAB7C /* Model */ = {
			isa = PBXGroup;
			children = (
				FA9E416A228B52AF007DAB7C /* Program+CoreDataClass.swift */,
				FA9E4157228A0056007DAB7C /* NewZ.xcdatamodeld */,
				FA9E416E228B5BD6007DAB7C /* Model.swift */,
			);
			path = Model;
			sourceTree = "<group>";
		};
		FA9E4170228C866D007DAB7C /* Cells */ = {
			isa = PBXGroup;
			children = (
				FA9E4171228C8681007DAB7C /* ProgramCell.swift */,
			);
			path = Cells;
			sourceTree = "<group>";
		};
		FA9E4175228C9901007DAB7C /* Extensions */ = {
			isa = PBXGroup;
			children = (
				FA9E4176228C9939007DAB7C /* NSLayoutConstraint+WithPriority.swift */,
			);
			path = Extensions;
			sourceTree = "<group>";
		};
/* End PBXGroup section */

/* Begin PBXNativeTarget section */
		FA9E414C228A0056007DAB7C /* NewZ */ = {
			isa = PBXNativeTarget;
			buildConfigurationList = FA9E4162228A0058007DAB7C /* Build configuration list for PBXNativeTarget "NewZ" */;
			buildPhases = (
				5C75BF4BB79324F0FA9E2C65 /* [CP] Check Pods Manifest.lock */,
				FA9E4149228A0056007DAB7C /* Sources */,
				FA9E414A228A0056007DAB7C /* Frameworks */,
				FA9E414B228A0056007DAB7C /* Resources */,
				32B72C9BF823B0ACBE3412CE /* [CP] Embed Pods Frameworks */,
			);
			buildRules = (
			);
			dependencies = (
			);
			name = NewZ;
			productName = NewZ;
			productReference = FA9E414D228A0056007DAB7C /* NewZ.app */;
			productType = "com.apple.product-type.application";
		};
/* End PBXNativeTarget section */

/* Begin PBXProject section */
		FA9E4145228A0056007DAB7C /* Project object */ = {
			isa = PBXProject;
			attributes = {
				LastSwiftUpdateCheck = 1020;
				LastUpgradeCheck = 1020;
				ORGANIZATIONNAME = "Alexander Larsson";
				TargetAttributes = {
					FA9E414C228A0056007DAB7C = {
						CreatedOnToolsVersion = 10.2.1;
					};
				};
			};
			buildConfigurationList = FA9E4148228A0056007DAB7C /* Build configuration list for PBXProject "NewZ" */;
			compatibilityVersion = "Xcode 9.3";
			developmentRegion = en;
			hasScannedForEncodings = 0;
			knownRegions = (
				en,
				Base,
			);
			mainGroup = FA9E4144228A0056007DAB7C;
			productRefGroup = FA9E414E228A0056007DAB7C /* Products */;
			projectDirPath = "";
			projectRoot = "";
			targets = (
				FA9E414C228A0056007DAB7C /* NewZ */,
			);
		};
/* End PBXProject section */

/* Begin PBXResourcesBuildPhase section */
		FA9E414B228A0056007DAB7C /* Resources */ = {
			isa = PBXResourcesBuildPhase;
			buildActionMask = 2147483647;
			files = (
				FA9E415E228A0058007DAB7C /* LaunchScreen.storyboard in Resources */,
				FA9E415B228A0058007DAB7C /* Assets.xcassets in Resources */,
			);
			runOnlyForDeploymentPostprocessing = 0;
		};
/* End PBXResourcesBuildPhase section */

/* Begin PBXShellScriptBuildPhase section */
		32B72C9BF823B0ACBE3412CE /* [CP] Embed Pods Frameworks */ = {
			isa = PBXShellScriptBuildPhase;
			buildActionMask = 2147483647;
			files = (
			);
			inputPaths = (
				"${SRCROOT}/Pods/Target Support Files/Pods-NewZ/Pods-NewZ-frameworks.sh",
				"${BUILT_PRODUCTS_DIR}/Nuke/Nuke.framework",
			);
			name = "[CP] Embed Pods Frameworks";
			outputPaths = (
				"${TARGET_BUILD_DIR}/${FRAMEWORKS_FOLDER_PATH}/Nuke.framework",
			);
			runOnlyForDeploymentPostprocessing = 0;
			shellPath = /bin/sh;
			shellScript = "\"${SRCROOT}/Pods/Target Support Files/Pods-NewZ/Pods-NewZ-frameworks.sh\"\n";
			showEnvVarsInLog = 0;
		};
		5C75BF4BB79324F0FA9E2C65 /* [CP] Check Pods Manifest.lock */ = {
			isa = PBXShellScriptBuildPhase;
			buildActionMask = 2147483647;
			files = (
			);
			inputPaths = (
				"${PODS_PODFILE_DIR_PATH}/Podfile.lock",
				"${PODS_ROOT}/Manifest.lock",
			);
			name = "[CP] Check Pods Manifest.lock";
			outputPaths = (
				"$(DERIVED_FILE_DIR)/Pods-NewZ-checkManifestLockResult.txt",
			);
			runOnlyForDeploymentPostprocessing = 0;
			shellPath = /bin/sh;
			shellScript = "diff \"${PODS_PODFILE_DIR_PATH}/Podfile.lock\" \"${PODS_ROOT}/Manifest.lock\" > /dev/null\nif [ $? != 0 ] ; then\n    # print error to STDERR\n    echo \"error: The sandbox is not in sync with the Podfile.lock. Run 'pod install' or update your CocoaPods installation.\" >&2\n    exit 1\nfi\n# This output is used by Xcode 'outputs' to avoid re-running this script phase.\necho \"SUCCESS\" > \"${SCRIPT_OUTPUT_FILE_0}\"\n";
			showEnvVarsInLog = 0;
		};
/* End PBXShellScriptBuildPhase section */

/* Begin PBXSourcesBuildPhase section */
		FA9E4149228A0056007DAB7C /* Sources */ = {
			isa = PBXSourcesBuildPhase;
			buildActionMask = 2147483647;
			files = (
				FA9E4153228A0056007DAB7C /* ListViewController.swift in Sources */,
				FA9E416C228B52AF007DAB7C /* Program+CoreDataClass.swift in Sources */,
				FA9E4172228C8681007DAB7C /* ProgramCell.swift in Sources */,
				FA9E4159228A0056007DAB7C /* NewZ.xcdatamodeld in Sources */,
				FA9E4177228C9939007DAB7C /* NSLayoutConstraint+WithPriority.swift in Sources */,
				FA9E416F228B5BD6007DAB7C /* Model.swift in Sources */,
				FA9E4169228A1009007DAB7C /* NewsService.swift in Sources */,
				FA9E4151228A0056007DAB7C /* AppDelegate.swift in Sources */,
				FA9E4174228C8F15007DAB7C /* DetailViewController.swift in Sources */,
			);
			runOnlyForDeploymentPostprocessing = 0;
		};
/* End PBXSourcesBuildPhase section */

/* Begin PBXVariantGroup section */
		FA9E415C228A0058007DAB7C /* LaunchScreen.storyboard */ = {
			isa = PBXVariantGroup;
			children = (
				FA9E415D228A0058007DAB7C /* Base */,
			);
			name = LaunchScreen.storyboard;
			sourceTree = "<group>";
		};
/* End PBXVariantGroup section */

/* Begin XCBuildConfiguration section */
		FA9E4160228A0058007DAB7C /* Debug */ = {
			isa = XCBuildConfiguration;
			buildSettings = {
				ALWAYS_SEARCH_USER_PATHS = NO;
				CLANG_ANALYZER_NONNULL = YES;
				CLANG_ANALYZER_NUMBER_OBJECT_CONVERSION = YES_AGGRESSIVE;
				CLANG_CXX_LANGUAGE_STANDARD = "gnu++14";
				CLANG_CXX_LIBRARY = "libc++";
				CLANG_ENABLE_MODULES = YES;
				CLANG_ENABLE_OBJC_ARC = YES;
				CLANG_ENABLE_OBJC_WEAK = YES;
				CLANG_WARN_BLOCK_CAPTURE_AUTORELEASING = YES;
				CLANG_WARN_BOOL_CONVERSION = YES;
				CLANG_WARN_COMMA = YES;
				CLANG_WARN_CONSTANT_CONVERSION = YES;
				CLANG_WARN_DEPRECATED_OBJC_IMPLEMENTATIONS = YES;
				CLANG_WARN_DIRECT_OBJC_ISA_USAGE = YES_ERROR;
				CLANG_WARN_DOCUMENTATION_COMMENTS = YES;
				CLANG_WARN_EMPTY_BODY = YES;
				CLANG_WARN_ENUM_CONVERSION = YES;
				CLANG_WARN_INFINITE_RECURSION = YES;
				CLANG_WARN_INT_CONVERSION = YES;
				CLANG_WARN_NON_LITERAL_NULL_CONVERSION = YES;
				CLANG_WARN_OBJC_IMPLICIT_RETAIN_SELF = YES;
				CLANG_WARN_OBJC_LITERAL_CONVERSION = YES;
				CLANG_WARN_OBJC_ROOT_CLASS = YES_ERROR;
				CLANG_WARN_RANGE_LOOP_ANALYSIS = YES;
				CLANG_WARN_STRICT_PROTOTYPES = YES;
				CLANG_WARN_SUSPICIOUS_MOVE = YES;
				CLANG_WARN_UNGUARDED_AVAILABILITY = YES_AGGRESSIVE;
				CLANG_WARN_UNREACHABLE_CODE = YES;
				CLANG_WARN__DUPLICATE_METHOD_MATCH = YES;
				CODE_SIGN_IDENTITY = "iPhone Developer";
				COPY_PHASE_STRIP = NO;
				DEBUG_INFORMATION_FORMAT = dwarf;
				ENABLE_STRICT_OBJC_MSGSEND = YES;
				ENABLE_TESTABILITY = YES;
				GCC_C_LANGUAGE_STANDARD = gnu11;
				GCC_DYNAMIC_NO_PIC = NO;
				GCC_NO_COMMON_BLOCKS = YES;
				GCC_OPTIMIZATION_LEVEL = 0;
				GCC_PREPROCESSOR_DEFINITIONS = (
					"DEBUG=1",
					"$(inherited)",
				);
				GCC_WARN_64_TO_32_BIT_CONVERSION = YES;
				GCC_WARN_ABOUT_RETURN_TYPE = YES_ERROR;
				GCC_WARN_UNDECLARED_SELECTOR = YES;
				GCC_WARN_UNINITIALIZED_AUTOS = YES_AGGRESSIVE;
				GCC_WARN_UNUSED_FUNCTION = YES;
				GCC_WARN_UNUSED_VARIABLE = YES;
				IPHONEOS_DEPLOYMENT_TARGET = 12.2;
				MTL_ENABLE_DEBUG_INFO = INCLUDE_SOURCE;
				MTL_FAST_MATH = YES;
				ONLY_ACTIVE_ARCH = YES;
				SDKROOT = iphoneos;
				SWIFT_ACTIVE_COMPILATION_CONDITIONS = DEBUG;
				SWIFT_OPTIMIZATION_LEVEL = "-Onone";
			};
			name = Debug;
		};
		FA9E4161228A0058007DAB7C /* Release */ = {
			isa = XCBuildConfiguration;
			buildSettings = {
				ALWAYS_SEARCH_USER_PATHS = NO;
				CLANG_ANALYZER_NONNULL = YES;
				CLANG_ANALYZER_NUMBER_OBJECT_CONVERSION = YES_AGGRESSIVE;
				CLANG_CXX_LANGUAGE_STANDARD = "gnu++14";
				CLANG_CXX_LIBRARY = "libc++";
				CLANG_ENABLE_MODULES = YES;
				CLANG_ENABLE_OBJC_ARC = YES;
				CLANG_ENABLE_OBJC_WEAK = YES;
				CLANG_WARN_BLOCK_CAPTURE_AUTORELEASING = YES;
				CLANG_WARN_BOOL_CONVERSION = YES;
				CLANG_WARN_COMMA = YES;
				CLANG_WARN_CONSTANT_CONVERSION = YES;
				CLANG_WARN_DEPRECATED_OBJC_IMPLEMENTATIONS = YES;
				CLANG_WARN_DIRECT_OBJC_ISA_USAGE = YES_ERROR;
				CLANG_WARN_DOCUMENTATION_COMMENTS = YES;
				CLANG_WARN_EMPTY_BODY = YES;
				CLANG_WARN_ENUM_CONVERSION = YES;
				CLANG_WARN_INFINITE_RECURSION = YES;
				CLANG_WARN_INT_CONVERSION = YES;
				CLANG_WARN_NON_LITERAL_NULL_CONVERSION = YES;
				CLANG_WARN_OBJC_IMPLICIT_RETAIN_SELF = YES;
				CLANG_WARN_OBJC_LITERAL_CONVERSION = YES;
				CLANG_WARN_OBJC_ROOT_CLASS = YES_ERROR;
				CLANG_WARN_RANGE_LOOP_ANALYSIS = YES;
				CLANG_WARN_STRICT_PROTOTYPES = YES;
				CLANG_WARN_SUSPICIOUS_MOVE = YES;
				CLANG_WARN_UNGUARDED_AVAILABILITY = YES_AGGRESSIVE;
				CLANG_WARN_UNREACHABLE_CODE = YES;
				CLANG_WARN__DUPLICATE_METHOD_MATCH = YES;
				CODE_SIGN_IDENTITY = "iPhone Developer";
				COPY_PHASE_STRIP = NO;
				DEBUG_INFORMATION_FORMAT = "dwarf-with-dsym";
				ENABLE_NS_ASSERTIONS = NO;
				ENABLE_STRICT_OBJC_MSGSEND = YES;
				GCC_C_LANGUAGE_STANDARD = gnu11;
				GCC_NO_COMMON_BLOCKS = YES;
				GCC_WARN_64_TO_32_BIT_CONVERSION = YES;
				GCC_WARN_ABOUT_RETURN_TYPE = YES_ERROR;
				GCC_WARN_UNDECLARED_SELECTOR = YES;
				GCC_WARN_UNINITIALIZED_AUTOS = YES_AGGRESSIVE;
				GCC_WARN_UNUSED_FUNCTION = YES;
				GCC_WARN_UNUSED_VARIABLE = YES;
				IPHONEOS_DEPLOYMENT_TARGET = 12.2;
				MTL_ENABLE_DEBUG_INFO = NO;
				MTL_FAST_MATH = YES;
				SDKROOT = iphoneos;
				SWIFT_COMPILATION_MODE = wholemodule;
				SWIFT_OPTIMIZATION_LEVEL = "-O";
				VALIDATE_PRODUCT = YES;
			};
			name = Release;
		};
		FA9E4163228A0058007DAB7C /* Debug */ = {
			isa = XCBuildConfiguration;
			baseConfigurationReference = EFA90BE263B31C056F842EA7 /* Pods-NewZ.debug.xcconfig */;
			buildSettings = {
				ASSETCATALOG_COMPILER_APPICON_NAME = AppIcon;
				CODE_SIGN_STYLE = Automatic;
				DEVELOPMENT_TEAM = D85LLD9NK5;
				INFOPLIST_FILE = NewZ/Info.plist;
				LD_RUNPATH_SEARCH_PATHS = (
					"$(inherited)",
					"@executable_path/Frameworks",
				);
				PRODUCT_BUNDLE_IDENTIFIER = "se.alexander-larsson.NewZ";
				PRODUCT_NAME = "$(TARGET_NAME)";
				SWIFT_VERSION = 5.0;
				TARGETED_DEVICE_FAMILY = "1,2";
			};
			name = Debug;
		};
		FA9E4164228A0058007DAB7C /* Release */ = {
			isa = XCBuildConfiguration;
			baseConfigurationReference = 2F604B6F0E91CE726BC5F152 /* Pods-NewZ.release.xcconfig */;
			buildSettings = {
				ASSETCATALOG_COMPILER_APPICON_NAME = AppIcon;
				CODE_SIGN_STYLE = Automatic;
				DEVELOPMENT_TEAM = D85LLD9NK5;
				INFOPLIST_FILE = NewZ/Info.plist;
				LD_RUNPATH_SEARCH_PATHS = (
					"$(inherited)",
					"@executable_path/Frameworks",
				);
				PRODUCT_BUNDLE_IDENTIFIER = "se.alexander-larsson.NewZ";
				PRODUCT_NAME = "$(TARGET_NAME)";
				SWIFT_VERSION = 5.0;
				TARGETED_DEVICE_FAMILY = "1,2";
			};
			name = Release;
		};
/* End XCBuildConfiguration section */

/* Begin XCConfigurationList section */
		FA9E4148228A0056007DAB7C /* Build configuration list for PBXProject "NewZ" */ = {
			isa = XCConfigurationList;
			buildConfigurations = (
				FA9E4160228A0058007DAB7C /* Debug */,
				FA9E4161228A0058007DAB7C /* Release */,
			);
			defaultConfigurationIsVisible = 0;
			defaultConfigurationName = Release;
		};
		FA9E4162228A0058007DAB7C /* Build configuration list for PBXNativeTarget "NewZ" */ = {
			isa = XCConfigurationList;
			buildConfigurations = (
				FA9E4163228A0058007DAB7C /* Debug */,
				FA9E4164228A0058007DAB7C /* Release */,
			);
			defaultConfigurationIsVisible = 0;
			defaultConfigurationName = Release;
		};
/* End XCConfigurationList section */

/* Begin XCVersionGroup section */
		FA9E4157228A0056007DAB7C /* NewZ.xcdatamodeld */ = {
			isa = XCVersionGroup;
			children = (
				FA9E4158228A0056007DAB7C /* NewZ.xcdatamodel */,
			);
			currentVersion = FA9E4158228A0056007DAB7C /* NewZ.xcdatamodel */;
			path = NewZ.xcdatamodeld;
			sourceTree = "<group>";
			versionGroupType = wrapper.xcdatamodel;
		};
/* End XCVersionGroup section */
	};
	rootObject = FA9E4145228A0056007DAB7C /* Project object */;
}
